PODS:
  - IQKeyboardManager (5.0.8)
  - QBImagePickerController (3.4.0)
  - SAMKeychain (1.5.3)

DEPENDENCIES:
  - IQKeyboardManager (~> 5.0.0)
  - QBImagePickerController (~> 3.4.0)
  - SAMKeychain (~> 1.5.2)

SPEC CHECKSUMS:
  IQKeyboardManager: 266cb7b1d11f94a3e71229d77f960f9a1b538e5b
  QBImagePickerController: d54cf93db6decf26baf6ed3472f336ef35cae022
  SAMKeychain: 483e1c9f32984d50ca961e26818a534283b4cd5c

PODFILE CHECKSUM: 08082a35dbd0ba5a8c87ef7e8218eaef75963f55

COCOAPODS: 1.4.0
